// !$*UTF8*$!
{
	archiveVersion = 1;
	classes = {
	};
	objectVersion = 46;
	objects = {

/* Begin PBXBuildFile section */
		9603E1691B85528E00C5D662 /* LogInViewController.swift in Sources */ = {isa = PBXBuildFile; fileRef = 9603E1681B85528E00C5D662 /* LogInViewController.swift */; };
		965B80B61BA7472A00278393 /* TillerOfficialTableViewCell.swift in Sources */ = {isa = PBXBuildFile; fileRef = 965B80B51BA7472A00278393 /* TillerOfficialTableViewCell.swift */; };
		965B80B81BA78DE700278393 /* TillerCandidatesTableViewCell.swift in Sources */ = {isa = PBXBuildFile; fileRef = 965B80B71BA78DE700278393 /* TillerCandidatesTableViewCell.swift */; };
		967C6B901B8BE1AF00FC976F /* TillerTableViewCell.swift in Sources */ = {isa = PBXBuildFile; fileRef = 967C6B8F1B8BE1AF00FC976F /* TillerTableViewCell.swift */; };
		967C6B921B8CFF6900FC976F /* PagedViewController.swift in Sources */ = {isa = PBXBuildFile; fileRef = 967C6B911B8CFF6900FC976F /* PagedViewController.swift */; };
		9691A6381B82857A0048D245 /* AppDelegate.swift in Sources */ = {isa = PBXBuildFile; fileRef = 9691A6371B82857A0048D245 /* AppDelegate.swift */; };
		9691A63D1B82857A0048D245 /* Main.storyboard in Resources */ = {isa = PBXBuildFile; fileRef = 9691A63B1B82857A0048D245 /* Main.storyboard */; };
		9691A63F1B82857A0048D245 /* Images.xcassets in Resources */ = {isa = PBXBuildFile; fileRef = 9691A63E1B82857A0048D245 /* Images.xcassets */; };
		9691A6421B82857A0048D245 /* LaunchScreen.xib in Resources */ = {isa = PBXBuildFile; fileRef = 9691A6401B82857A0048D245 /* LaunchScreen.xib */; };
		9691A64E1B82857A0048D245 /* TillerTests.swift in Sources */ = {isa = PBXBuildFile; fileRef = 9691A64D1B82857A0048D245 /* TillerTests.swift */; };
		9691A6581B8290B40048D245 /* ProfileVC.swift in Sources */ = {isa = PBXBuildFile; fileRef = 9691A6571B8290B40048D245 /* ProfileVC.swift */; };
		9691A65A1B8298F70048D245 /* TillerViewController.swift in Sources */ = {isa = PBXBuildFile; fileRef = 9691A6591B8298F70048D245 /* TillerViewController.swift */; };
		969BB4981BBCB8490035D045 /* NewsFeedTableViewCell.swift in Sources */ = {isa = PBXBuildFile; fileRef = 969BB4971BBCB8490035D045 /* NewsFeedTableViewCell.swift */; };
		969BB49A1BBDA5040035D045 /* HomeViewController.swift in Sources */ = {isa = PBXBuildFile; fileRef = 969BB4991BBDA5040035D045 /* HomeViewController.swift */; };
		969C537C1B87E5A50090AAED /* MessagesViewController.swift in Sources */ = {isa = PBXBuildFile; fileRef = 969C537B1B87E5A50090AAED /* MessagesViewController.swift */; };
		969C537E1B87F2470090AAED /* SearchViewController.swift in Sources */ = {isa = PBXBuildFile; fileRef = 969C537D1B87F2470090AAED /* SearchViewController.swift */; };
		96B02E161BA8E8EA0084E590 /* CarouselTableViewCell.swift in Sources */ = {isa = PBXBuildFile; fileRef = 96B02E151BA8E8EA0084E590 /* CarouselTableViewCell.swift */; };
		96B02E181BA8F32F0084E590 /* CarouselCollectionViewCell.swift in Sources */ = {isa = PBXBuildFile; fileRef = 96B02E171BA8F32F0084E590 /* CarouselCollectionViewCell.swift */; };
		96B22B921BC3964F003A7CC1 /* PostViewController.swift in Sources */ = {isa = PBXBuildFile; fileRef = 96B22B911BC3964F003A7CC1 /* PostViewController.swift */; settings = {ASSET_TAGS = (); }; };
		96E7B4DE1BA370DA0025847A /* TillerPracticeViewController.swift in Sources */ = {isa = PBXBuildFile; fileRef = 96E7B4DD1BA370DA0025847A /* TillerPracticeViewController.swift */; };
/* End PBXBuildFile section */

/* Begin PBXContainerItemProxy section */
		9691A6481B82857A0048D245 /* PBXContainerItemProxy */ = {
			isa = PBXContainerItemProxy;
			containerPortal = 9691A62A1B8285790048D245 /* Project object */;
			proxyType = 1;
			remoteGlobalIDString = 9691A6311B82857A0048D245;
			remoteInfo = Tiller;
		};
/* End PBXContainerItemProxy section */

/* Begin PBXFileReference section */
		9603E1681B85528E00C5D662 /* LogInViewController.swift */ = {isa = PBXFileReference; fileEncoding = 4; lastKnownFileType = sourcecode.swift; path = LogInViewController.swift; sourceTree = "<group>"; };
		965B80B51BA7472A00278393 /* TillerOfficialTableViewCell.swift */ = {isa = PBXFileReference; fileEncoding = 4; lastKnownFileType = sourcecode.swift; path = TillerOfficialTableViewCell.swift; sourceTree = SOURCE_ROOT; };
		965B80B71BA78DE700278393 /* TillerCandidatesTableViewCell.swift */ = {isa = PBXFileReference; fileEncoding = 4; lastKnownFileType = sourcecode.swift; path = TillerCandidatesTableViewCell.swift; sourceTree = "<group>"; };
		967C6B8F1B8BE1AF00FC976F /* TillerTableViewCell.swift */ = {isa = PBXFileReference; fileEncoding = 4; lastKnownFileType = sourcecode.swift; name = TillerTableViewCell.swift; path = Tiller/TillerTableViewCell.swift; sourceTree = "<group>"; };
		967C6B911B8CFF6900FC976F /* PagedViewController.swift */ = {isa = PBXFileReference; fileEncoding = 4; lastKnownFileType = sourcecode.swift; path = PagedViewController.swift; sourceTree = "<group>"; };
		9691A6321B82857A0048D245 /* Tiller.app */ = {isa = PBXFileReference; explicitFileType = wrapper.application; includeInIndex = 0; path = Tiller.app; sourceTree = BUILT_PRODUCTS_DIR; };
		9691A6361B82857A0048D245 /* Info.plist */ = {isa = PBXFileReference; lastKnownFileType = text.plist.xml; path = Info.plist; sourceTree = "<group>"; };
		9691A6371B82857A0048D245 /* AppDelegate.swift */ = {isa = PBXFileReference; lastKnownFileType = sourcecode.swift; path = AppDelegate.swift; sourceTree = "<group>"; };
		9691A63C1B82857A0048D245 /* Base */ = {isa = PBXFileReference; lastKnownFileType = file.storyboard; name = Base; path = Base.lproj/Main.storyboard; sourceTree = "<group>"; };
		9691A63E1B82857A0048D245 /* Images.xcassets */ = {isa = PBXFileReference; lastKnownFileType = folder.assetcatalog; path = Images.xcassets; sourceTree = "<group>"; };
		9691A6411B82857A0048D245 /* Base */ = {isa = PBXFileReference; lastKnownFileType = file.xib; name = Base; path = Base.lproj/LaunchScreen.xib; sourceTree = "<group>"; };
		9691A6471B82857A0048D245 /* TillerTests.xctest */ = {isa = PBXFileReference; explicitFileType = wrapper.cfbundle; includeInIndex = 0; path = TillerTests.xctest; sourceTree = BUILT_PRODUCTS_DIR; };
		9691A64C1B82857A0048D245 /* Info.plist */ = {isa = PBXFileReference; lastKnownFileType = text.plist.xml; path = Info.plist; sourceTree = "<group>"; };
		9691A64D1B82857A0048D245 /* TillerTests.swift */ = {isa = PBXFileReference; lastKnownFileType = sourcecode.swift; path = TillerTests.swift; sourceTree = "<group>"; };
		9691A6571B8290B40048D245 /* ProfileVC.swift */ = {isa = PBXFileReference; fileEncoding = 4; lastKnownFileType = sourcecode.swift; path = ProfileVC.swift; sourceTree = "<group>"; };
		9691A6591B8298F70048D245 /* TillerViewController.swift */ = {isa = PBXFileReference; fileEncoding = 4; lastKnownFileType = sourcecode.swift; path = TillerViewController.swift; sourceTree = "<group>"; };
		969BB4971BBCB8490035D045 /* NewsFeedTableViewCell.swift */ = {isa = PBXFileReference; fileEncoding = 4; lastKnownFileType = sourcecode.swift; name = NewsFeedTableViewCell.swift; path = ../NewsFeedTableViewCell.swift; sourceTree = "<group>"; };
		969BB4991BBDA5040035D045 /* HomeViewController.swift */ = {isa = PBXFileReference; fileEncoding = 4; lastKnownFileType = sourcecode.swift; path = HomeViewController.swift; sourceTree = "<group>"; };
		969C537B1B87E5A50090AAED /* MessagesViewController.swift */ = {isa = PBXFileReference; fileEncoding = 4; lastKnownFileType = sourcecode.swift; path = MessagesViewController.swift; sourceTree = "<group>"; };
		969C537D1B87F2470090AAED /* SearchViewController.swift */ = {isa = PBXFileReference; fileEncoding = 4; lastKnownFileType = sourcecode.swift; path = SearchViewController.swift; sourceTree = "<group>"; };
		96B02E151BA8E8EA0084E590 /* CarouselTableViewCell.swift */ = {isa = PBXFileReference; fileEncoding = 4; lastKnownFileType = sourcecode.swift; path = CarouselTableViewCell.swift; sourceTree = "<group>"; };
		96B02E171BA8F32F0084E590 /* CarouselCollectionViewCell.swift */ = {isa = PBXFileReference; fileEncoding = 4; lastKnownFileType = sourcecode.swift; path = CarouselCollectionViewCell.swift; sourceTree = "<group>"; };
		96B22B911BC3964F003A7CC1 /* PostViewController.swift */ = {isa = PBXFileReference; fileEncoding = 4; lastKnownFileType = sourcecode.swift; path = PostViewController.swift; sourceTree = "<group>"; };
		96E7B4DD1BA370DA0025847A /* TillerPracticeViewController.swift */ = {isa = PBXFileReference; fileEncoding = 4; lastKnownFileType = sourcecode.swift; path = TillerPracticeViewController.swift; sourceTree = "<group>"; };
/* End PBXFileReference section */

/* Begin PBXFrameworksBuildPhase section */
		9691A62F1B82857A0048D245 /* Frameworks */ = {
			isa = PBXFrameworksBuildPhase;
			buildActionMask = 2147483647;
			files = (
			);
			runOnlyForDeploymentPostprocessing = 0;
		};
		9691A6441B82857A0048D245 /* Frameworks */ = {
			isa = PBXFrameworksBuildPhase;
			buildActionMask = 2147483647;
			files = (
			);
			runOnlyForDeploymentPostprocessing = 0;
		};
/* End PBXFrameworksBuildPhase section */

/* Begin PBXGroup section */
		9691A6291B8285790048D245 = {
			isa = PBXGroup;
			children = (
				967C6B8F1B8BE1AF00FC976F /* TillerTableViewCell.swift */,
				96E7B4DD1BA370DA0025847A /* TillerPracticeViewController.swift */,
				967C6B911B8CFF6900FC976F /* PagedViewController.swift */,
				9691A6341B82857A0048D245 /* Tiller */,
				9691A64A1B82857A0048D245 /* TillerTests */,
				9691A6331B82857A0048D245 /* Products */,
			);
			sourceTree = "<group>";
		};
		9691A6331B82857A0048D245 /* Products */ = {
			isa = PBXGroup;
			children = (
				9691A6321B82857A0048D245 /* Tiller.app */,
				9691A6471B82857A0048D245 /* TillerTests.xctest */,
			);
			name = Products;
			sourceTree = "<group>";
		};
		9691A6341B82857A0048D245 /* Tiller */ = {
			isa = PBXGroup;
			children = (
				969BB4971BBCB8490035D045 /* NewsFeedTableViewCell.swift */,
				965B80B51BA7472A00278393 /* TillerOfficialTableViewCell.swift */,
				9691A6371B82857A0048D245 /* AppDelegate.swift */,
				965B80B71BA78DE700278393 /* TillerCandidatesTableViewCell.swift */,
				9691A6571B8290B40048D245 /* ProfileVC.swift */,
				9691A6591B8298F70048D245 /* TillerViewController.swift */,
				9691A63B1B82857A0048D245 /* Main.storyboard */,
				96B22B911BC3964F003A7CC1 /* PostViewController.swift */,
				969BB4991BBDA5040035D045 /* HomeViewController.swift */,
				96B02E151BA8E8EA0084E590 /* CarouselTableViewCell.swift */,
				96B02E171BA8F32F0084E590 /* CarouselCollectionViewCell.swift */,
				969C537D1B87F2470090AAED /* SearchViewController.swift */,
				969C537B1B87E5A50090AAED /* MessagesViewController.swift */,
				9603E1681B85528E00C5D662 /* LogInViewController.swift */,
				9691A63E1B82857A0048D245 /* Images.xcassets */,
				9691A6401B82857A0048D245 /* LaunchScreen.xib */,
				9691A6351B82857A0048D245 /* Supporting Files */,
			);
			path = Tiller;
			sourceTree = "<group>";
		};
		9691A6351B82857A0048D245 /* Supporting Files */ = {
			isa = PBXGroup;
			children = (
				9691A6361B82857A0048D245 /* Info.plist */,
			);
			name = "Supporting Files";
			sourceTree = "<group>";
		};
		9691A64A1B82857A0048D245 /* TillerTests */ = {
			isa = PBXGroup;
			children = (
				9691A64D1B82857A0048D245 /* TillerTests.swift */,
				9691A64B1B82857A0048D245 /* Supporting Files */,
			);
			path = TillerTests;
			sourceTree = "<group>";
		};
		9691A64B1B82857A0048D245 /* Supporting Files */ = {
			isa = PBXGroup;
			children = (
				9691A64C1B82857A0048D245 /* Info.plist */,
			);
			name = "Supporting Files";
			sourceTree = "<group>";
		};
/* End PBXGroup section */

/* Begin PBXNativeTarget section */
		9691A6311B82857A0048D245 /* Tiller */ = {
			isa = PBXNativeTarget;
			buildConfigurationList = 9691A6511B82857A0048D245 /* Build configuration list for PBXNativeTarget "Tiller" */;
			buildPhases = (
				9691A62E1B82857A0048D245 /* Sources */,
				9691A62F1B82857A0048D245 /* Frameworks */,
				9691A6301B82857A0048D245 /* Resources */,
			);
			buildRules = (
			);
			dependencies = (
			);
			name = Tiller;
			productName = Tiller;
			productReference = 9691A6321B82857A0048D245 /* Tiller.app */;
			productType = "com.apple.product-type.application";
		};
		9691A6461B82857A0048D245 /* TillerTests */ = {
			isa = PBXNativeTarget;
			buildConfigurationList = 9691A6541B82857A0048D245 /* Build configuration list for PBXNativeTarget "TillerTests" */;
			buildPhases = (
				9691A6431B82857A0048D245 /* Sources */,
				9691A6441B82857A0048D245 /* Frameworks */,
				9691A6451B82857A0048D245 /* Resources */,
			);
			buildRules = (
			);
			dependencies = (
				9691A6491B82857A0048D245 /* PBXTargetDependency */,
			);
			name = TillerTests;
			productName = TillerTests;
			productReference = 9691A6471B82857A0048D245 /* TillerTests.xctest */;
			productType = "com.apple.product-type.bundle.unit-test";
		};
/* End PBXNativeTarget section */

/* Begin PBXProject section */
		9691A62A1B8285790048D245 /* Project object */ = {
			isa = PBXProject;
			attributes = {
				LastSwiftMigration = 0700;
				LastSwiftUpdateCheck = 0700;
				LastUpgradeCheck = 0630;
				ORGANIZATIONNAME = "Thomas Gibbons";
				TargetAttributes = {
					9691A6311B82857A0048D245 = {
						CreatedOnToolsVersion = 6.3.1;
					};
					9691A6461B82857A0048D245 = {
						CreatedOnToolsVersion = 6.3.1;
						TestTargetID = 9691A6311B82857A0048D245;
					};
				};
			};
			buildConfigurationList = 9691A62D1B8285790048D245 /* Build configuration list for PBXProject "Tiller" */;
			compatibilityVersion = "Xcode 3.2";
			developmentRegion = English;
			hasScannedForEncodings = 0;
			knownRegions = (
				en,
				Base,
			);
			mainGroup = 9691A6291B8285790048D245;
			productRefGroup = 9691A6331B82857A0048D245 /* Products */;
			projectDirPath = "";
			projectRoot = "";
			targets = (
				9691A6311B82857A0048D245 /* Tiller */,
				9691A6461B82857A0048D245 /* TillerTests */,
			);
		};
/* End PBXProject section */

/* Begin PBXResourcesBuildPhase section */
		9691A6301B82857A0048D245 /* Resources */ = {
			isa = PBXResourcesBuildPhase;
			buildActionMask = 2147483647;
			files = (
				9691A63D1B82857A0048D245 /* Main.storyboard in Resources */,
				9691A6421B82857A0048D245 /* LaunchScreen.xib in Resources */,
				9691A63F1B82857A0048D245 /* Images.xcassets in Resources */,
			);
			runOnlyForDeploymentPostprocessing = 0;
		};
		9691A6451B82857A0048D245 /* Resources */ = {
			isa = PBXResourcesBuildPhase;
			buildActionMask = 2147483647;
			files = (
			);
			runOnlyForDeploymentPostprocessing = 0;
		};
/* End PBXResourcesBuildPhase section */

/* Begin PBXSourcesBuildPhase section */
		9691A62E1B82857A0048D245 /* Sources */ = {
			isa = PBXSourcesBuildPhase;
			buildActionMask = 2147483647;
			files = (
				969BB4981BBCB8490035D045 /* NewsFeedTableViewCell.swift in Sources */,
				969C537C1B87E5A50090AAED /* MessagesViewController.swift in Sources */,
				96E7B4DE1BA370DA0025847A /* TillerPracticeViewController.swift in Sources */,
				969C537E1B87F2470090AAED /* SearchViewController.swift in Sources */,
				9691A65A1B8298F70048D245 /* TillerViewController.swift in Sources */,
				969BB49A1BBDA5040035D045 /* HomeViewController.swift in Sources */,
				967C6B901B8BE1AF00FC976F /* TillerTableViewCell.swift in Sources */,
				9691A6581B8290B40048D245 /* ProfileVC.swift in Sources */,
				96B22B921BC3964F003A7CC1 /* PostViewController.swift in Sources */,
				965B80B61BA7472A00278393 /* TillerOfficialTableViewCell.swift in Sources */,
				9603E1691B85528E00C5D662 /* LogInViewController.swift in Sources */,
				96B02E161BA8E8EA0084E590 /* CarouselTableViewCell.swift in Sources */,
				965B80B81BA78DE700278393 /* TillerCandidatesTableViewCell.swift in Sources */,
				9691A6381B82857A0048D245 /* AppDelegate.swift in Sources */,
				967C6B921B8CFF6900FC976F /* PagedViewController.swift in Sources */,
				96B02E181BA8F32F0084E590 /* CarouselCollectionViewCell.swift in Sources */,
			);
			runOnlyForDeploymentPostprocessing = 0;
		};
		9691A6431B82857A0048D245 /* Sources */ = {
			isa = PBXSourcesBuildPhase;
			buildActionMask = 2147483647;
			files = (
				9691A64E1B82857A0048D245 /* TillerTests.swift in Sources */,
			);
			runOnlyForDeploymentPostprocessing = 0;
		};
/* End PBXSourcesBuildPhase section */

/* Begin PBXTargetDependency section */
		9691A6491B82857A0048D245 /* PBXTargetDependency */ = {
			isa = PBXTargetDependency;
			target = 9691A6311B82857A0048D245 /* Tiller */;
			targetProxy = 9691A6481B82857A0048D245 /* PBXContainerItemProxy */;
		};
/* End PBXTargetDependency section */

/* Begin PBXVariantGroup section */
		9691A63B1B82857A0048D245 /* Main.storyboard */ = {
			isa = PBXVariantGroup;
			children = (
				9691A63C1B82857A0048D245 /* Base */,
			);
			name = Main.storyboard;
			sourceTree = "<group>";
		};
		9691A6401B82857A0048D245 /* LaunchScreen.xib */ = {
			isa = PBXVariantGroup;
			children = (
				9691A6411B82857A0048D245 /* Base */,
			);
			name = LaunchScreen.xib;
			sourceTree = "<group>";
		};
/* End PBXVariantGroup section */

/* Begin XCBuildConfiguration section */
		9691A64F1B82857A0048D245 /* Debug */ = {
			isa = XCBuildConfiguration;
			buildSettings = {
				ALWAYS_SEARCH_USER_PATHS = NO;
				CLANG_CXX_LANGUAGE_STANDARD = "gnu++0x";
				CLANG_CXX_LIBRARY = "libc++";
				CLANG_ENABLE_MODULES = YES;
				CLANG_ENABLE_OBJC_ARC = YES;
				CLANG_WARN_BOOL_CONVERSION = YES;
				CLANG_WARN_CONSTANT_CONVERSION = YES;
				CLANG_WARN_DIRECT_OBJC_ISA_USAGE = YES_ERROR;
				CLANG_WARN_EMPTY_BODY = YES;
				CLANG_WARN_ENUM_CONVERSION = YES;
				CLANG_WARN_INT_CONVERSION = YES;
				CLANG_WARN_OBJC_ROOT_CLASS = YES_ERROR;
				CLANG_WARN_UNREACHABLE_CODE = YES;
				CLANG_WARN__DUPLICATE_METHOD_MATCH = YES;
				"CODE_SIGN_IDENTITY[sdk=iphoneos*]" = "iPhone Developer";
				COPY_PHASE_STRIP = NO;
				DEBUG_INFORMATION_FORMAT = "dwarf-with-dsym";
				ENABLE_STRICT_OBJC_MSGSEND = YES;
				GCC_C_LANGUAGE_STANDARD = gnu99;
				GCC_DYNAMIC_NO_PIC = NO;
				GCC_NO_COMMON_BLOCKS = YES;
				GCC_OPTIMIZATION_LEVEL = 0;
				GCC_PREPROCESSOR_DEFINITIONS = (
					"DEBUG=1",
					"$(inherited)",
				);
				GCC_SYMBOLS_PRIVATE_EXTERN = NO;
				GCC_WARN_64_TO_32_BIT_CONVERSION = YES;
				GCC_WARN_ABOUT_RETURN_TYPE = YES_ERROR;
				GCC_WARN_UNDECLARED_SELECTOR = YES;
				GCC_WARN_UNINITIALIZED_AUTOS = YES_AGGRESSIVE;
				GCC_WARN_UNUSED_FUNCTION = YES;
				GCC_WARN_UNUSED_VARIABLE = YES;
				IPHONEOS_DEPLOYMENT_TARGET = 8.3;
				MTL_ENABLE_DEBUG_INFO = YES;
				ONLY_ACTIVE_ARCH = YES;
				SDKROOT = iphoneos;
				SWIFT_OPTIMIZATION_LEVEL = "-Onone";
				TARGETED_DEVICE_FAMILY = "1,2";
			};
			name = Debug;
		};
		9691A6501B82857A0048D245 /* Release */ = {
			isa = XCBuildConfiguration;
			buildSettings = {
				ALWAYS_SEARCH_USER_PATHS = NO;
				CLANG_CXX_LANGUAGE_STANDARD = "gnu++0x";
				CLANG_CXX_LIBRARY = "libc++";
				CLANG_ENABLE_MODULES = YES;
				CLANG_ENABLE_OBJC_ARC = YES;
				CLANG_WARN_BOOL_CONVERSION = YES;
				CLANG_WARN_CONSTANT_CONVERSION = YES;
				CLANG_WARN_DIRECT_OBJC_ISA_USAGE = YES_ERROR;
				CLANG_WARN_EMPTY_BODY = YES;
				CLANG_WARN_ENUM_CONVERSION = YES;
				CLANG_WARN_INT_CONVERSION = YES;
				CLANG_WARN_OBJC_ROOT_CLASS = YES_ERROR;
				CLANG_WARN_UNREACHABLE_CODE = YES;
				CLANG_WARN__DUPLICATE_METHOD_MATCH = YES;
				"CODE_SIGN_IDENTITY[sdk=iphoneos*]" = "iPhone Developer";
				COPY_PHASE_STRIP = NO;
				DEBUG_INFORMATION_FORMAT = "dwarf-with-dsym";
				ENABLE_NS_ASSERTIONS = NO;
				ENABLE_STRICT_OBJC_MSGSEND = YES;
				GCC_C_LANGUAGE_STANDARD = gnu99;
				GCC_NO_COMMON_BLOCKS = YES;
				GCC_WARN_64_TO_32_BIT_CONVERSION = YES;
				GCC_WARN_ABOUT_RETURN_TYPE = YES_ERROR;
				GCC_WARN_UNDECLARED_SELECTOR = YES;
				GCC_WARN_UNINITIALIZED_AUTOS = YES_AGGRESSIVE;
				GCC_WARN_UNUSED_FUNCTION = YES;
				GCC_WARN_UNUSED_VARIABLE = YES;
				IPHONEOS_DEPLOYMENT_TARGET = 8.3;
				MTL_ENABLE_DEBUG_INFO = NO;
				SDKROOT = iphoneos;
				TARGETED_DEVICE_FAMILY = "1,2";
				VALIDATE_PRODUCT = YES;
			};
			name = Release;
		};
		9691A6521B82857A0048D245 /* Debug */ = {
			isa = XCBuildConfiguration;
			buildSettings = {
				ASSETCATALOG_COMPILER_APPICON_NAME = AppIcon;
				INFOPLIST_FILE = Tiller/Info.plist;
				LD_RUNPATH_SEARCH_PATHS = "$(inherited) @executable_path/Frameworks";
				PRODUCT_NAME = "$(TARGET_NAME)";
			};
			name = Debug;
		};
		9691A6531B82857A0048D245 /* Release */ = {
			isa = XCBuildConfiguration;
			buildSettings = {
				ASSETCATALOG_COMPILER_APPICON_NAME = AppIcon;
				INFOPLIST_FILE = Tiller/Info.plist;
				LD_RUNPATH_SEARCH_PATHS = "$(inherited) @executable_path/Frameworks";
				PRODUCT_NAME = "$(TARGET_NAME)";
			};
			name = Release;
		};
		9691A6551B82857A0048D245 /* Debug */ = {
			isa = XCBuildConfiguration;
			buildSettings = {
				BUNDLE_LOADER = "$(TEST_HOST)";
				FRAMEWORK_SEARCH_PATHS = (
					"$(SDKROOT)/Developer/Library/Frameworks",
					"$(inherited)",
				);
				GCC_PREPROCESSOR_DEFINITIONS = (
					"DEBUG=1",
					"$(inherited)",
				);
				INFOPLIST_FILE = TillerTests/Info.plist;
				LD_RUNPATH_SEARCH_PATHS = "$(inherited) @executable_path/Frameworks @loader_path/Frameworks";
				PRODUCT_NAME = "$(TARGET_NAME)";
				TEST_HOST = "$(BUILT_PRODUCTS_DIR)/Tiller.app/Tiller";
			};
			name = Debug;
		};
		9691A6561B82857A0048D245 /* Release */ = {
			isa = XCBuildConfiguration;
			buildSettings = {
				BUNDLE_LOADER = "$(TEST_HOST)";
				FRAMEWORK_SEARCH_PATHS = (
					"$(SDKROOT)/Developer/Library/Frameworks",
					"$(inherited)",
				);
				INFOPLIST_FILE = TillerTests/Info.plist;
				LD_RUNPATH_SEARCH_PATHS = "$(inherited) @executable_path/Frameworks @loader_path/Frameworks";
				PRODUCT_NAME = "$(TARGET_NAME)";
				TEST_HOST = "$(BUILT_PRODUCTS_DIR)/Tiller.app/Tiller";
			};
			name = Release;
		};
/* End XCBuildConfiguration section */

/* Begin XCConfigurationList section */
		9691A62D1B8285790048D245 /* Build configuration list for PBXProject "Tiller" */ = {
			isa = XCConfigurationList;
			buildConfigurations = (
				9691A64F1B82857A0048D245 /* Debug */,
				9691A6501B82857A0048D245 /* Release */,
			);
			defaultConfigurationIsVisible = 0;
			defaultConfigurationName = Release;
		};
		9691A6511B82857A0048D245 /* Build configuration list for PBXNativeTarget "Tiller" */ = {
			isa = XCConfigurationList;
			buildConfigurations = (
				9691A6521B82857A0048D245 /* Debug */,
				9691A6531B82857A0048D245 /* Release */,
			);
			defaultConfigurationIsVisible = 0;
			defaultConfigurationName = Release;
		};
		9691A6541B82857A0048D245 /* Build configuration list for PBXNativeTarget "TillerTests" */ = {
			isa = XCConfigurationList;
			buildConfigurations = (
				9691A6551B82857A0048D245 /* Debug */,
				9691A6561B82857A0048D245 /* Release */,
			);
			defaultConfigurationIsVisible = 0;
			defaultConfigurationName = Release;
		};
/* End XCConfigurationList section */
	};
	rootObject = 9691A62A1B8285790048D245 /* Project object */;
}
